
Microsoft Visual Studio Solution File, Format Version 12.00
# Visual Studio Version 16
VisualStudioVersion = 16.0.30011.22
MinimumVisualStudioVersion = 15.0.26124.0
Project("{9A19103F-16F7-4668-BE54-9A1E7A4F7556}") = "Application", "Api.Application\Application.csproj", "{121123DC-0B52-4AD7-BC30-4BF2FCD00D7C}"
EndProject
Project("{9A19103F-16F7-4668-BE54-9A1E7A4F7556}") = "Domain", "Api.Domain\Domain.csproj", "{E5A33C2F-3067-45B7-A59C-40D14991A53D}"
EndProject
Project("{9A19103F-16F7-4668-BE54-9A1E7A4F7556}") = "CrossCutting", "Api.CrossCutting\CrossCutting.csproj", "{4B4EC2B4-B19B-4577-A943-8DDBF4A27227}"
EndProject
Project("{9A19103F-16F7-4668-BE54-9A1E7A4F7556}") = "Data", "Api.Data\Data.csproj", "{FCFD1AF6-8103-4BDD-8A92-8A6965B57038}"
EndProject
Project("{9A19103F-16F7-4668-BE54-9A1E7A4F7556}") = "Service", "Api.Service\Service.csproj", "{59777BDE-70C8-4C21-A66F-2632FFAAB1A3}"
EndProject
Project("{2150E333-8FDC-42A3-9474-1A3956D46DE8}") = "1 - Application", "1 - Application", "{AE912B05-4C01-46C8-A75A-32A923A07832}"
EndProject
Project("{2150E333-8FDC-42A3-9474-1A3956D46DE8}") = "2 - Service", "2 - Service", "{B2461DEB-32CD-48EF-B1DE-88A22DA2902B}"
EndProject
Project("{2150E333-8FDC-42A3-9474-1A3956D46DE8}") = "3 - Data", "3 - Data", "{AC6CDAF9-F061-4A1F-A21D-15C9A6EA08AF}"
EndProject
Project("{2150E333-8FDC-42A3-9474-1A3956D46DE8}") = "4 - Domain", "4 - Domain", "{75FA0F4E-B0CF-486C-A38F-08CF2D0B899E}"
EndProject
Project("{2150E333-8FDC-42A3-9474-1A3956D46DE8}") = "5 - Infra", "5 - Infra", "{0865B609-40FF-4348-8E43-77CF984120AF}"
EndProject
Global
	GlobalSection(SolutionConfigurationPlatforms) = preSolution
		Debug|Any CPU = Debug|Any CPU
		Debug|x64 = Debug|x64
		Debug|x86 = Debug|x86
		Release|Any CPU = Release|Any CPU
		Release|x64 = Release|x64
		Release|x86 = Release|x86
	EndGlobalSection
	GlobalSection(ProjectConfigurationPlatforms) = postSolution
		{121123DC-0B52-4AD7-BC30-4BF2FCD00D7C}.Debug|Any CPU.ActiveCfg = Debug|Any CPU
		{121123DC-0B52-4AD7-BC30-4BF2FCD00D7C}.Debug|Any CPU.Build.0 = Debug|Any CPU
		{121123DC-0B52-4AD7-BC30-4BF2FCD00D7C}.Debug|x64.ActiveCfg = Debug|Any CPU
		{121123DC-0B52-4AD7-BC30-4BF2FCD00D7C}.Debug|x64.Build.0 = Debug|Any CPU
		{121123DC-0B52-4AD7-BC30-4BF2FCD00D7C}.Debug|x86.ActiveCfg = Debug|Any CPU
		{121123DC-0B52-4AD7-BC30-4BF2FCD00D7C}.Debug|x86.Build.0 = Debug|Any CPU
		{121123DC-0B52-4AD7-BC30-4BF2FCD00D7C}.Release|Any CPU.ActiveCfg = Release|Any CPU
		{121123DC-0B52-4AD7-BC30-4BF2FCD00D7C}.Release|Any CPU.Build.0 = Release|Any CPU
		{121123DC-0B52-4AD7-BC30-4BF2FCD00D7C}.Release|x64.ActiveCfg = Release|Any CPU
		{121123DC-0B52-4AD7-BC30-4BF2FCD00D7C}.Release|x64.Build.0 = Release|Any CPU
		{121123DC-0B52-4AD7-BC30-4BF2FCD00D7C}.Release|x86.ActiveCfg = Release|Any CPU
		{121123DC-0B52-4AD7-BC30-4BF2FCD00D7C}.Release|x86.Build.0 = Release|Any CPU
		{E5A33C2F-3067-45B7-A59C-40D14991A53D}.Debug|Any CPU.ActiveCfg = Debug|Any CPU
		{E5A33C2F-3067-45B7-A59C-40D14991A53D}.Debug|Any CPU.Build.0 = Debug|Any CPU
		{E5A33C2F-3067-45B7-A59C-40D14991A53D}.Debug|x64.ActiveCfg = Debug|Any CPU
		{E5A33C2F-3067-45B7-A59C-40D14991A53D}.Debug|x64.Build.0 = Debug|Any CPU
		{E5A33C2F-3067-45B7-A59C-40D14991A53D}.Debug|x86.ActiveCfg = Debug|Any CPU
		{E5A33C2F-3067-45B7-A59C-40D14991A53D}.Debug|x86.Build.0 = Debug|Any CPU
		{E5A33C2F-3067-45B7-A59C-40D14991A53D}.Release|Any CPU.ActiveCfg = Release|Any CPU
		{E5A33C2F-3067-45B7-A59C-40D14991A53D}.Release|Any CPU.Build.0 = Release|Any CPU
		{E5A33C2F-3067-45B7-A59C-40D14991A53D}.Release|x64.ActiveCfg = Release|Any CPU
		{E5A33C2F-3067-45B7-A59C-40D14991A53D}.Release|x64.Build.0 = Release|Any CPU
		{E5A33C2F-3067-45B7-A59C-40D14991A53D}.Release|x86.ActiveCfg = Release|Any CPU
		{E5A33C2F-3067-45B7-A59C-40D14991A53D}.Release|x86.Build.0 = Release|Any CPU
		{4B4EC2B4-B19B-4577-A943-8DDBF4A27227}.Debug|Any CPU.ActiveCfg = Debug|Any CPU
		{4B4EC2B4-B19B-4577-A943-8DDBF4A27227}.Debug|Any CPU.Build.0 = Debug|Any CPU
		{4B4EC2B4-B19B-4577-A943-8DDBF4A27227}.Debug|x64.ActiveCfg = Debug|Any CPU
		{4B4EC2B4-B19B-4577-A943-8DDBF4A27227}.Debug|x64.Build.0 = Debug|Any CPU
		{4B4EC2B4-B19B-4577-A943-8DDBF4A27227}.Debug|x86.ActiveCfg = Debug|Any CPU
		{4B4EC2B4-B19B-4577-A943-8DDBF4A27227}.Debug|x86.Build.0 = Debug|Any CPU
		{4B4EC2B4-B19B-4577-A943-8DDBF4A27227}.Release|Any CPU.ActiveCfg = Release|Any CPU
		{4B4EC2B4-B19B-4577-A943-8DDBF4A27227}.Release|Any CPU.Build.0 = Release|Any CPU
		{4B4EC2B4-B19B-4577-A943-8DDBF4A27227}.Release|x64.ActiveCfg = Release|Any CPU
		{4B4EC2B4-B19B-4577-A943-8DDBF4A27227}.Release|x64.Build.0 = Release|Any CPU
		{4B4EC2B4-B19B-4577-A943-8DDBF4A27227}.Release|x86.ActiveCfg = Release|Any CPU
		{4B4EC2B4-B19B-4577-A943-8DDBF4A27227}.Release|x86.Build.0 = Release|Any CPU
		{FCFD1AF6-8103-4BDD-8A92-8A6965B57038}.Debug|Any CPU.ActiveCfg = Debug|Any CPU
		{FCFD1AF6-8103-4BDD-8A92-8A6965B57038}.Debug|Any CPU.Build.0 = Debug|Any CPU
		{FCFD1AF6-8103-4BDD-8A92-8A6965B57038}.Debug|x64.ActiveCfg = Debug|Any CPU
		{FCFD1AF6-8103-4BDD-8A92-8A6965B57038}.Debug|x64.Build.0 = Debug|Any CPU
		{FCFD1AF6-8103-4BDD-8A92-8A6965B57038}.Debug|x86.ActiveCfg = Debug|Any CPU
		{FCFD1AF6-8103-4BDD-8A92-8A6965B57038}.Debug|x86.Build.0 = Debug|Any CPU
		{FCFD1AF6-8103-4BDD-8A92-8A6965B57038}.Release|Any CPU.ActiveCfg = Release|Any CPU
		{FCFD1AF6-8103-4BDD-8A92-8A6965B57038}.Release|Any CPU.Build.0 = Release|Any CPU
		{FCFD1AF6-8103-4BDD-8A92-8A6965B57038}.Release|x64.ActiveCfg = Release|Any CPU
		{FCFD1AF6-8103-4BDD-8A92-8A6965B57038}.Release|x64.Build.0 = Release|Any CPU
		{FCFD1AF6-8103-4BDD-8A92-8A6965B57038}.Release|x86.ActiveCfg = Release|Any CPU
		{FCFD1AF6-8103-4BDD-8A92-8A6965B57038}.Release|x86.Build.0 = Release|Any CPU
		{59777BDE-70C8-4C21-A66F-2632FFAAB1A3}.Debug|Any CPU.ActiveCfg = Debug|Any CPU
		{59777BDE-70C8-4C21-A66F-2632FFAAB1A3}.Debug|Any CPU.Build.0 = Debug|Any CPU
		{59777BDE-70C8-4C21-A66F-2632FFAAB1A3}.Debug|x64.ActiveCfg = Debug|Any CPU
		{59777BDE-70C8-4C21-A66F-2632FFAAB1A3}.Debug|x64.Build.0 = Debug|Any CPU
		{59777BDE-70C8-4C21-A66F-2632FFAAB1A3}.Debug|x86.ActiveCfg = Debug|Any CPU
		{59777BDE-70C8-4C21-A66F-2632FFAAB1A3}.Debug|x86.Build.0 = Debug|Any CPU
		{59777BDE-70C8-4C21-A66F-2632FFAAB1A3}.Release|Any CPU.ActiveCfg = Release|Any CPU
		{59777BDE-70C8-4C21-A66F-2632FFAAB1A3}.Release|Any CPU.Build.0 = Release|Any CPU
		{59777BDE-70C8-4C21-A66F-2632FFAAB1A3}.Release|x64.ActiveCfg = Release|Any CPU
		{59777BDE-70C8-4C21-A66F-2632FFAAB1A3}.Release|x64.Build.0 = Release|Any CPU
		{59777BDE-70C8-4C21-A66F-2632FFAAB1A3}.Release|x86.ActiveCfg = Release|Any CPU
		{59777BDE-70C8-4C21-A66F-2632FFAAB1A3}.Release|x86.Build.0 = Release|Any CPU
	EndGlobalSection
	GlobalSection(SolutionProperties) = preSolution
		HideSolutionNode = FALSE
	EndGlobalSection
	GlobalSection(NestedProjects) = preSolution
		{121123DC-0B52-4AD7-BC30-4BF2FCD00D7C} = {AE912B05-4C01-46C8-A75A-32A923A07832}
		{E5A33C2F-3067-45B7-A59C-40D14991A53D} = {75FA0F4E-B0CF-486C-A38F-08CF2D0B899E}
		{4B4EC2B4-B19B-4577-A943-8DDBF4A27227} = {0865B609-40FF-4348-8E43-77CF984120AF}
		{FCFD1AF6-8103-4BDD-8A92-8A6965B57038} = {AC6CDAF9-F061-4A1F-A21D-15C9A6EA08AF}
		{59777BDE-70C8-4C21-A66F-2632FFAAB1A3} = {B2461DEB-32CD-48EF-B1DE-88A22DA2902B}
	EndGlobalSection
	GlobalSection(ExtensibilityGlobals) = postSolution
		SolutionGuid = {020D5204-2230-4DB5-9C02-FD4BC9D96515}
	EndGlobalSection
EndGlobal
